
Microsoft Visual Studio Solution File, Format Version 12.00
# Visual Studio 15
VisualStudioVersion = 15.0.26124.0
MinimumVisualStudioVersion = 15.0.26124.0
Project("{9A19103F-16F7-4668-BE54-9A1E7A4F7556}") = "adminServer", "adminServer\adminServer.csproj", "{AB30DEE3-FB49-44D0-A9A8-3EF2735308A9}"
EndProject
Project("{9A19103F-16F7-4668-BE54-9A1E7A4F7556}") = "frontendServer", "frontendServer\frontendServer.csproj", "{50E81F10-7905-40AB-B692-8D7911F605F7}"
EndProject
Global
	GlobalSection(SolutionConfigurationPlatforms) = preSolution
		Debug|Any CPU = Debug|Any CPU
		Debug|x64 = Debug|x64
		Debug|x86 = Debug|x86
		Release|Any CPU = Release|Any CPU
		Release|x64 = Release|x64
		Release|x86 = Release|x86
	EndGlobalSection
	GlobalSection(ProjectConfigurationPlatforms) = postSolution
		{AB30DEE3-FB49-44D0-A9A8-3EF2735308A9}.Debug|Any CPU.ActiveCfg = Debug|Any CPU
		{AB30DEE3-FB49-44D0-A9A8-3EF2735308A9}.Debug|Any CPU.Build.0 = Debug|Any CPU
		{AB30DEE3-FB49-44D0-A9A8-3EF2735308A9}.Debug|x64.ActiveCfg = Debug|Any CPU
		{AB30DEE3-FB49-44D0-A9A8-3EF2735308A9}.Debug|x64.Build.0 = Debug|Any CPU
		{AB30DEE3-FB49-44D0-A9A8-3EF2735308A9}.Debug|x86.ActiveCfg = Debug|Any CPU
		{AB30DEE3-FB49-44D0-A9A8-3EF2735308A9}.Debug|x86.Build.0 = Debug|Any CPU
		{AB30DEE3-FB49-44D0-A9A8-3EF2735308A9}.Release|Any CPU.ActiveCfg = Release|Any CPU
		{AB30DEE3-FB49-44D0-A9A8-3EF2735308A9}.Release|Any CPU.Build.0 = Release|Any CPU
		{AB30DEE3-FB49-44D0-A9A8-3EF2735308A9}.Release|x64.ActiveCfg = Release|Any CPU
		{AB30DEE3-FB49-44D0-A9A8-3EF2735308A9}.Release|x64.Build.0 = Release|Any CPU
		{AB30DEE3-FB49-44D0-A9A8-3EF2735308A9}.Release|x86.ActiveCfg = Release|Any CPU
		{AB30DEE3-FB49-44D0-A9A8-3EF2735308A9}.Release|x86.Build.0 = Release|Any CPU
		{50E81F10-7905-40AB-B692-8D7911F605F7}.Debug|Any CPU.ActiveCfg = Debug|Any CPU
		{50E81F10-7905-40AB-B692-8D7911F605F7}.Debug|Any CPU.Build.0 = Debug|Any CPU
		{50E81F10-7905-40AB-B692-8D7911F605F7}.Debug|x64.ActiveCfg = Debug|Any CPU
		{50E81F10-7905-40AB-B692-8D7911F605F7}.Debug|x64.Build.0 = Debug|Any CPU
		{50E81F10-7905-40AB-B692-8D7911F605F7}.Debug|x86.ActiveCfg = Debug|Any CPU
		{50E81F10-7905-40AB-B692-8D7911F605F7}.Debug|x86.Build.0 = Debug|Any CPU
		{50E81F10-7905-40AB-B692-8D7911F605F7}.Release|Any CPU.ActiveCfg = Release|Any CPU
		{50E81F10-7905-40AB-B692-8D7911F605F7}.Release|Any CPU.Build.0 = Release|Any CPU
		{50E81F10-7905-40AB-B692-8D7911F605F7}.Release|x64.ActiveCfg = Release|Any CPU
		{50E81F10-7905-40AB-B692-8D7911F605F7}.Release|x64.Build.0 = Release|Any CPU
		{50E81F10-7905-40AB-B692-8D7911F605F7}.Release|x86.ActiveCfg = Release|Any CPU
		{50E81F10-7905-40AB-B692-8D7911F605F7}.Release|x86.Build.0 = Release|Any CPU
	EndGlobalSection
	GlobalSection(SolutionProperties) = preSolution
		HideSolutionNode = FALSE
	EndGlobalSection
	GlobalSection(ExtensibilityGlobals) = postSolution
		SolutionGuid = {93EBD0F2-EF36-48FB-813A-B79F770F3B97}
	EndGlobalSection
EndGlobal
